
Microsoft Visual Studio Solution File, Format Version 12.00
# Visual Studio Version 17
VisualStudioVersion = 17.11.35327.3
MinimumVisualStudioVersion = 10.0.40219.1
Project("{FAE04EC0-301F-11D3-BF4B-00C04F79EFBC}") = "Product", "Product\Product.csproj", "{DF9D0840-9B59-4A5F-8F32-690FCDACB1DA}"
EndProject
Global
	GlobalSection(SolutionConfigurationPlatforms) = preSolution
		Debug|Any CPU = Debug|Any CPU
		Release|Any CPU = Release|Any CPU
	EndGlobalSection
	GlobalSection(ProjectConfigurationPlatforms) = postSolution
		{DF9D0840-9B59-4A5F-8F32-690FCDACB1DA}.Debug|Any CPU.ActiveCfg = Debug|Any CPU
		{DF9D0840-9B59-4A5F-8F32-690FCDACB1DA}.Debug|Any CPU.Build.0 = Debug|Any CPU
		{DF9D0840-9B59-4A5F-8F32-690FCDACB1DA}.Release|Any CPU.ActiveCfg = Release|Any CPU
		{DF9D0840-9B59-4A5F-8F32-690FCDACB1DA}.Release|Any CPU.Build.0 = Release|Any CPU
	EndGlobalSection
	GlobalSection(SolutionProperties) = preSolution
		HideSolutionNode = FALSE
	EndGlobalSection
	GlobalSection(ExtensibilityGlobals) = postSolution
		SolutionGuid = {9CE977FF-DF1F-4852-89F8-B148205C9813}
	EndGlobalSection
EndGlobal
